// !$*UTF8*$!
{
	archiveVersion = 1;
	classes = {
	};
	objectVersion = 55;
	objects = {

/* Begin PBXBuildFile section */
		84324FC327C256D100ACBC52 /* TitleCollectionViewCell.swift in Sources */ = {isa = PBXBuildFile; fileRef = 84324FC227C256D100ACBC52 /* TitleCollectionViewCell.swift */; };
		84324FC627C2575300ACBC52 /* SDWebImage in Frameworks */ = {isa = PBXBuildFile; productRef = 84324FC527C2575300ACBC52 /* SDWebImage */; };
		84324FC827C2575300ACBC52 /* SDWebImageMapKit in Frameworks */ = {isa = PBXBuildFile; productRef = 84324FC727C2575300ACBC52 /* SDWebImageMapKit */; };
		84324FCA27C5727600ACBC52 /* TitleTableViewCell.swift in Sources */ = {isa = PBXBuildFile; fileRef = 84324FC927C5727600ACBC52 /* TitleTableViewCell.swift */; };
		84324FCC27C5740C00ACBC52 /* TitleViewModel.swift in Sources */ = {isa = PBXBuildFile; fileRef = 84324FCB27C5740C00ACBC52 /* TitleViewModel.swift */; };
		84324FCE27C5746500ACBC52 /* TitlePreviewViewModel.swift in Sources */ = {isa = PBXBuildFile; fileRef = 84324FCD27C5746500ACBC52 /* TitlePreviewViewModel.swift */; };
		84324FD127C5751E00ACBC52 /* TitlePreviewViewController.swift in Sources */ = {isa = PBXBuildFile; fileRef = 84324FD027C5751E00ACBC52 /* TitlePreviewViewController.swift */; };
		84324FD427C5812900ACBC52 /* SearchResultsViewController.swift in Sources */ = {isa = PBXBuildFile; fileRef = 84324FD327C5812900ACBC52 /* SearchResultsViewController.swift */; };
		84C2107F27BC49AD0047C1AA /* AppDelegate.swift in Sources */ = {isa = PBXBuildFile; fileRef = 84C2107E27BC49AD0047C1AA /* AppDelegate.swift */; };
		84C2108127BC49AD0047C1AA /* SceneDelegate.swift in Sources */ = {isa = PBXBuildFile; fileRef = 84C2108027BC49AD0047C1AA /* SceneDelegate.swift */; };
		84C2108327BC49AD0047C1AA /* MainTabBarViewController.swift in Sources */ = {isa = PBXBuildFile; fileRef = 84C2108227BC49AD0047C1AA /* MainTabBarViewController.swift */; };
		84C2108827BC49AF0047C1AA /* Assets.xcassets in Resources */ = {isa = PBXBuildFile; fileRef = 84C2108727BC49AF0047C1AA /* Assets.xcassets */; };
		84C2108B27BC49AF0047C1AA /* LaunchScreen.storyboard in Resources */ = {isa = PBXBuildFile; fileRef = 84C2108927BC49AF0047C1AA /* LaunchScreen.storyboard */; };
		84C2109427BC4B4A0047C1AA /* HomeViewController.swift in Sources */ = {isa = PBXBuildFile; fileRef = 84C2109327BC4B4A0047C1AA /* HomeViewController.swift */; };
		84C2109627BC4B7D0047C1AA /* UpcomingViewController.swift in Sources */ = {isa = PBXBuildFile; fileRef = 84C2109527BC4B7D0047C1AA /* UpcomingViewController.swift */; };
		84C2109827BC4B9D0047C1AA /* SearchViewController.swift in Sources */ = {isa = PBXBuildFile; fileRef = 84C2109727BC4B9D0047C1AA /* SearchViewController.swift */; };
		84C2109A27BC4BC30047C1AA /* DownloadsViewController.swift in Sources */ = {isa = PBXBuildFile; fileRef = 84C2109927BC4BC30047C1AA /* DownloadsViewController.swift */; };
		84C210A127BC55C80047C1AA /* CollectionViewTableViewCell.swift in Sources */ = {isa = PBXBuildFile; fileRef = 84C210A027BC55C80047C1AA /* CollectionViewTableViewCell.swift */; };
		84C210A327BD10EA0047C1AA /* HeroHeaderUIView.swift in Sources */ = {isa = PBXBuildFile; fileRef = 84C210A227BD10EA0047C1AA /* HeroHeaderUIView.swift */; };
		84C210A527C03AF10047C1AA /* APICaller.swift in Sources */ = {isa = PBXBuildFile; fileRef = 84C210A427C03AF10047C1AA /* APICaller.swift */; };
		84C210A727C03B6F0047C1AA /* Title.swift in Sources */ = {isa = PBXBuildFile; fileRef = 84C210A627C03B6F0047C1AA /* Title.swift */; };
		84C210A927C03B960047C1AA /* YoutubeSearchResponse.swift in Sources */ = {isa = PBXBuildFile; fileRef = 84C210A827C03B960047C1AA /* YoutubeSearchResponse.swift */; };
		84C210AB27C041D50047C1AA /* Extensions.swift in Sources */ = {isa = PBXBuildFile; fileRef = 84C210AA27C041D50047C1AA /* Extensions.swift */; };
/* End PBXBuildFile section */

/* Begin PBXFileReference section */
		84324FC227C256D100ACBC52 /* TitleCollectionViewCell.swift */ = {isa = PBXFileReference; lastKnownFileType = sourcecode.swift; path = TitleCollectionViewCell.swift; sourceTree = "<group>"; };
		84324FC927C5727600ACBC52 /* TitleTableViewCell.swift */ = {isa = PBXFileReference; lastKnownFileType = sourcecode.swift; path = TitleTableViewCell.swift; sourceTree = "<group>"; };
		84324FCB27C5740C00ACBC52 /* TitleViewModel.swift */ = {isa = PBXFileReference; lastKnownFileType = sourcecode.swift; path = TitleViewModel.swift; sourceTree = "<group>"; };
		84324FCD27C5746500ACBC52 /* TitlePreviewViewModel.swift */ = {isa = PBXFileReference; lastKnownFileType = sourcecode.swift; path = TitlePreviewViewModel.swift; sourceTree = "<group>"; };
		84324FD027C5751E00ACBC52 /* TitlePreviewViewController.swift */ = {isa = PBXFileReference; lastKnownFileType = sourcecode.swift; path = TitlePreviewViewController.swift; sourceTree = "<group>"; };
		84324FD327C5812900ACBC52 /* SearchResultsViewController.swift */ = {isa = PBXFileReference; lastKnownFileType = sourcecode.swift; path = SearchResultsViewController.swift; sourceTree = "<group>"; };
		84C2107B27BC49AD0047C1AA /* Netflix Clone.app */ = {isa = PBXFileReference; explicitFileType = wrapper.application; includeInIndex = 0; path = "Netflix Clone.app"; sourceTree = BUILT_PRODUCTS_DIR; };
		84C2107E27BC49AD0047C1AA /* AppDelegate.swift */ = {isa = PBXFileReference; lastKnownFileType = sourcecode.swift; path = AppDelegate.swift; sourceTree = "<group>"; };
		84C2108027BC49AD0047C1AA /* SceneDelegate.swift */ = {isa = PBXFileReference; lastKnownFileType = sourcecode.swift; path = SceneDelegate.swift; sourceTree = "<group>"; };
		84C2108227BC49AD0047C1AA /* MainTabBarViewController.swift */ = {isa = PBXFileReference; lastKnownFileType = sourcecode.swift; path = MainTabBarViewController.swift; sourceTree = "<group>"; };
		84C2108727BC49AF0047C1AA /* Assets.xcassets */ = {isa = PBXFileReference; lastKnownFileType = folder.assetcatalog; path = Assets.xcassets; sourceTree = "<group>"; };
		84C2108A27BC49AF0047C1AA /* Base */ = {isa = PBXFileReference; lastKnownFileType = file.storyboard; name = Base; path = Base.lproj/LaunchScreen.storyboard; sourceTree = "<group>"; };
		84C2108C27BC49AF0047C1AA /* Info.plist */ = {isa = PBXFileReference; lastKnownFileType = text.plist.xml; path = Info.plist; sourceTree = "<group>"; };
		84C2109327BC4B4A0047C1AA /* HomeViewController.swift */ = {isa = PBXFileReference; lastKnownFileType = sourcecode.swift; path = HomeViewController.swift; sourceTree = "<group>"; };
		84C2109527BC4B7D0047C1AA /* UpcomingViewController.swift */ = {isa = PBXFileReference; lastKnownFileType = sourcecode.swift; path = UpcomingViewController.swift; sourceTree = "<group>"; };
		84C2109727BC4B9D0047C1AA /* SearchViewController.swift */ = {isa = PBXFileReference; lastKnownFileType = sourcecode.swift; path = SearchViewController.swift; sourceTree = "<group>"; };
		84C2109927BC4BC30047C1AA /* DownloadsViewController.swift */ = {isa = PBXFileReference; lastKnownFileType = sourcecode.swift; path = DownloadsViewController.swift; sourceTree = "<group>"; };
		84C210A027BC55C80047C1AA /* CollectionViewTableViewCell.swift */ = {isa = PBXFileReference; lastKnownFileType = sourcecode.swift; path = CollectionViewTableViewCell.swift; sourceTree = "<group>"; };
		84C210A227BD10EA0047C1AA /* HeroHeaderUIView.swift */ = {isa = PBXFileReference; lastKnownFileType = sourcecode.swift; path = HeroHeaderUIView.swift; sourceTree = "<group>"; };
		84C210A427C03AF10047C1AA /* APICaller.swift */ = {isa = PBXFileReference; lastKnownFileType = sourcecode.swift; path = APICaller.swift; sourceTree = "<group>"; };
		84C210A627C03B6F0047C1AA /* Title.swift */ = {isa = PBXFileReference; lastKnownFileType = sourcecode.swift; path = Title.swift; sourceTree = "<group>"; };
		84C210A827C03B960047C1AA /* YoutubeSearchResponse.swift */ = {isa = PBXFileReference; lastKnownFileType = sourcecode.swift; path = YoutubeSearchResponse.swift; sourceTree = "<group>"; };
		84C210AA27C041D50047C1AA /* Extensions.swift */ = {isa = PBXFileReference; lastKnownFileType = sourcecode.swift; path = Extensions.swift; sourceTree = "<group>"; };
/* End PBXFileReference section */

/* Begin PBXFrameworksBuildPhase section */
		84C2107827BC49AD0047C1AA /* Frameworks */ = {
			isa = PBXFrameworksBuildPhase;
			buildActionMask = 2147483647;
			files = (
				84324FC827C2575300ACBC52 /* SDWebImageMapKit in Frameworks */,
				84324FC627C2575300ACBC52 /* SDWebImage in Frameworks */,
			);
			runOnlyForDeploymentPostprocessing = 0;
		};
/* End PBXFrameworksBuildPhase section */

/* Begin PBXGroup section */
		84324FCF27C5750900ACBC52 /* General */ = {
			isa = PBXGroup;
			children = (
				84324FD027C5751E00ACBC52 /* TitlePreviewViewController.swift */,
				84324FD327C5812900ACBC52 /* SearchResultsViewController.swift */,
			);
			path = General;
			sourceTree = "<group>";
		};
		84324FD227C57F4600ACBC52 /* Core */ = {
			isa = PBXGroup;
			children = (
				84C2109327BC4B4A0047C1AA /* HomeViewController.swift */,
				84C2109527BC4B7D0047C1AA /* UpcomingViewController.swift */,
				84C2109727BC4B9D0047C1AA /* SearchViewController.swift */,
				84C2109927BC4BC30047C1AA /* DownloadsViewController.swift */,
			);
			path = Core;
			sourceTree = "<group>";
		};
		84C2107227BC49AD0047C1AA = {
			isa = PBXGroup;
			children = (
				84C2107D27BC49AD0047C1AA /* Netflix Clone */,
				84C2107C27BC49AD0047C1AA /* Products */,
			);
			sourceTree = "<group>";
		};
		84C2107C27BC49AD0047C1AA /* Products */ = {
			isa = PBXGroup;
			children = (
				84C2107B27BC49AD0047C1AA /* Netflix Clone.app */,
			);
			name = Products;
			sourceTree = "<group>";
		};
		84C2107D27BC49AD0047C1AA /* Netflix Clone */ = {
			isa = PBXGroup;
			children = (
				84C2109B27BC54980047C1AA /* Managers */,
				84C2109C27BC54A60047C1AA /* Resources */,
				84C2109D27BC54B40047C1AA /* Models */,
				84C2109E27BC54BC0047C1AA /* Views */,
				84C2109F27BC54C40047C1AA /* ViewModels */,
				84C2109227BC4B0D0047C1AA /* Controllers */,
				84C2107E27BC49AD0047C1AA /* AppDelegate.swift */,
				84C2108027BC49AD0047C1AA /* SceneDelegate.swift */,
				84C2108227BC49AD0047C1AA /* MainTabBarViewController.swift */,
				84C2108727BC49AF0047C1AA /* Assets.xcassets */,
				84C2108927BC49AF0047C1AA /* LaunchScreen.storyboard */,
				84C2108C27BC49AF0047C1AA /* Info.plist */,
			);
			path = "Netflix Clone";
			sourceTree = "<group>";
		};
		84C2109227BC4B0D0047C1AA /* Controllers */ = {
			isa = PBXGroup;
			children = (
				84324FD227C57F4600ACBC52 /* Core */,
				84324FCF27C5750900ACBC52 /* General */,
			);
			path = Controllers;
			sourceTree = "<group>";
		};
		84C2109B27BC54980047C1AA /* Managers */ = {
			isa = PBXGroup;
			children = (
				84C210A427C03AF10047C1AA /* APICaller.swift */,
			);
			path = Managers;
			sourceTree = "<group>";
		};
		84C2109C27BC54A60047C1AA /* Resources */ = {
			isa = PBXGroup;
			children = (
				84C210AA27C041D50047C1AA /* Extensions.swift */,
			);
			path = Resources;
			sourceTree = "<group>";
		};
		84C2109D27BC54B40047C1AA /* Models */ = {
			isa = PBXGroup;
			children = (
				84C210A627C03B6F0047C1AA /* Title.swift */,
				84C210A827C03B960047C1AA /* YoutubeSearchResponse.swift */,
			);
			path = Models;
			sourceTree = "<group>";
		};
		84C2109E27BC54BC0047C1AA /* Views */ = {
			isa = PBXGroup;
			children = (
				84C210A027BC55C80047C1AA /* CollectionViewTableViewCell.swift */,
				84C210A227BD10EA0047C1AA /* HeroHeaderUIView.swift */,
				84324FC227C256D100ACBC52 /* TitleCollectionViewCell.swift */,
				84324FC927C5727600ACBC52 /* TitleTableViewCell.swift */,
			);
			path = Views;
			sourceTree = "<group>";
		};
		84C2109F27BC54C40047C1AA /* ViewModels */ = {
			isa = PBXGroup;
			children = (
				84324FCB27C5740C00ACBC52 /* TitleViewModel.swift */,
				84324FCD27C5746500ACBC52 /* TitlePreviewViewModel.swift */,
			);
			path = ViewModels;
			sourceTree = "<group>";
		};
/* End PBXGroup section */

/* Begin PBXNativeTarget section */
		84C2107A27BC49AD0047C1AA /* Netflix Clone */ = {
			isa = PBXNativeTarget;
			buildConfigurationList = 84C2108F27BC49AF0047C1AA /* Build configuration list for PBXNativeTarget "Netflix Clone" */;
			buildPhases = (
				84C2107727BC49AD0047C1AA /* Sources */,
				84C2107827BC49AD0047C1AA /* Frameworks */,
				84C2107927BC49AD0047C1AA /* Resources */,
			);
			buildRules = (
			);
			dependencies = (
			);
			name = "Netflix Clone";
			packageProductDependencies = (
				84324FC527C2575300ACBC52 /* SDWebImage */,
				84324FC727C2575300ACBC52 /* SDWebImageMapKit */,
			);
			productName = "Netflix Clone";
			productReference = 84C2107B27BC49AD0047C1AA /* Netflix Clone.app */;
			productType = "com.apple.product-type.application";
		};
/* End PBXNativeTarget section */

/* Begin PBXProject section */
		84C2107327BC49AD0047C1AA /* Project object */ = {
			isa = PBXProject;
			attributes = {
				BuildIndependentTargetsInParallel = 1;
				LastSwiftUpdateCheck = 1310;
				LastUpgradeCheck = 1310;
				TargetAttributes = {
					84C2107A27BC49AD0047C1AA = {
						CreatedOnToolsVersion = 13.1;
					};
				};
			};
			buildConfigurationList = 84C2107627BC49AD0047C1AA /* Build configuration list for PBXProject "Netflix Clone" */;
			compatibilityVersion = "Xcode 13.0";
			developmentRegion = en;
			hasScannedForEncodings = 0;
			knownRegions = (
				en,
				Base,
			);
			mainGroup = 84C2107227BC49AD0047C1AA;
			packageReferences = (
				84324FC427C2575300ACBC52 /* XCRemoteSwiftPackageReference "SDWebImage" */,
			);
			productRefGroup = 84C2107C27BC49AD0047C1AA /* Products */;
			projectDirPath = "";
			projectRoot = "";
			targets = (
				84C2107A27BC49AD0047C1AA /* Netflix Clone */,
			);
		};
/* End PBXProject section */

/* Begin PBXResourcesBuildPhase section */
		84C2107927BC49AD0047C1AA /* Resources */ = {
			isa = PBXResourcesBuildPhase;
			buildActionMask = 2147483647;
			files = (
				84C2108B27BC49AF0047C1AA /* LaunchScreen.storyboard in Resources */,
				84C2108827BC49AF0047C1AA /* Assets.xcassets in Resources */,
			);
			runOnlyForDeploymentPostprocessing = 0;
		};
/* End PBXResourcesBuildPhase section */

/* Begin PBXSourcesBuildPhase section */
		84C2107727BC49AD0047C1AA /* Sources */ = {
			isa = PBXSourcesBuildPhase;
			buildActionMask = 2147483647;
			files = (
				84C210A927C03B960047C1AA /* YoutubeSearchResponse.swift in Sources */,
				84C2109827BC4B9D0047C1AA /* SearchViewController.swift in Sources */,
				84C2108327BC49AD0047C1AA /* MainTabBarViewController.swift in Sources */,
				84C210A727C03B6F0047C1AA /* Title.swift in Sources */,
				84C210A127BC55C80047C1AA /* CollectionViewTableViewCell.swift in Sources */,
				84C210A527C03AF10047C1AA /* APICaller.swift in Sources */,
				84324FCE27C5746500ACBC52 /* TitlePreviewViewModel.swift in Sources */,
				84C210A327BD10EA0047C1AA /* HeroHeaderUIView.swift in Sources */,
				84324FC327C256D100ACBC52 /* TitleCollectionViewCell.swift in Sources */,
				84C2109A27BC4BC30047C1AA /* DownloadsViewController.swift in Sources */,
				84C210AB27C041D50047C1AA /* Extensions.swift in Sources */,
				84324FCA27C5727600ACBC52 /* TitleTableViewCell.swift in Sources */,
				84324FD427C5812900ACBC52 /* SearchResultsViewController.swift in Sources */,
				84C2107F27BC49AD0047C1AA /* AppDelegate.swift in Sources */,
				84C2108127BC49AD0047C1AA /* SceneDelegate.swift in Sources */,
				84324FD127C5751E00ACBC52 /* TitlePreviewViewController.swift in Sources */,
				84324FCC27C5740C00ACBC52 /* TitleViewModel.swift in Sources */,
				84C2109627BC4B7D0047C1AA /* UpcomingViewController.swift in Sources */,
				84C2109427BC4B4A0047C1AA /* HomeViewController.swift in Sources */,
			);
			runOnlyForDeploymentPostprocessing = 0;
		};
/* End PBXSourcesBuildPhase section */

/* Begin PBXVariantGroup section */
		84C2108927BC49AF0047C1AA /* LaunchScreen.storyboard */ = {
			isa = PBXVariantGroup;
			children = (
				84C2108A27BC49AF0047C1AA /* Base */,
			);
			name = LaunchScreen.storyboard;
			sourceTree = "<group>";
		};
/* End PBXVariantGroup section */

/* Begin XCBuildConfiguration section */
		84C2108D27BC49AF0047C1AA /* Debug */ = {
			isa = XCBuildConfiguration;
			buildSettings = {
				ALWAYS_SEARCH_USER_PATHS = NO;
				CLANG_ANALYZER_NONNULL = YES;
				CLANG_ANALYZER_NUMBER_OBJECT_CONVERSION = YES_AGGRESSIVE;
				CLANG_CXX_LANGUAGE_STANDARD = "gnu++17";
				CLANG_CXX_LIBRARY = "libc++";
				CLANG_ENABLE_MODULES = YES;
				CLANG_ENABLE_OBJC_ARC = YES;
				CLANG_ENABLE_OBJC_WEAK = YES;
				CLANG_WARN_BLOCK_CAPTURE_AUTORELEASING = YES;
				CLANG_WARN_BOOL_CONVERSION = YES;
				CLANG_WARN_COMMA = YES;
				CLANG_WARN_CONSTANT_CONVERSION = YES;
				CLANG_WARN_DEPRECATED_OBJC_IMPLEMENTATIONS = YES;
				CLANG_WARN_DIRECT_OBJC_ISA_USAGE = YES_ERROR;
				CLANG_WARN_DOCUMENTATION_COMMENTS = YES;
				CLANG_WARN_EMPTY_BODY = YES;
				CLANG_WARN_ENUM_CONVERSION = YES;
				CLANG_WARN_INFINITE_RECURSION = YES;
				CLANG_WARN_INT_CONVERSION = YES;
				CLANG_WARN_NON_LITERAL_NULL_CONVERSION = YES;
				CLANG_WARN_OBJC_IMPLICIT_RETAIN_SELF = YES;
				CLANG_WARN_OBJC_LITERAL_CONVERSION = YES;
				CLANG_WARN_OBJC_ROOT_CLASS = YES_ERROR;
				CLANG_WARN_QUOTED_INCLUDE_IN_FRAMEWORK_HEADER = YES;
				CLANG_WARN_RANGE_LOOP_ANALYSIS = YES;
				CLANG_WARN_STRICT_PROTOTYPES = YES;
				CLANG_WARN_SUSPICIOUS_MOVE = YES;
				CLANG_WARN_UNGUARDED_AVAILABILITY = YES_AGGRESSIVE;
				CLANG_WARN_UNREACHABLE_CODE = YES;
				CLANG_WARN__DUPLICATE_METHOD_MATCH = YES;
				COPY_PHASE_STRIP = NO;
				DEBUG_INFORMATION_FORMAT = dwarf;
				ENABLE_STRICT_OBJC_MSGSEND = YES;
				ENABLE_TESTABILITY = YES;
				GCC_C_LANGUAGE_STANDARD = gnu11;
				GCC_DYNAMIC_NO_PIC = NO;
				GCC_NO_COMMON_BLOCKS = YES;
				GCC_OPTIMIZATION_LEVEL = 0;
				GCC_PREPROCESSOR_DEFINITIONS = (
					"DEBUG=1",
					"$(inherited)",
				);
				GCC_WARN_64_TO_32_BIT_CONVERSION = YES;
				GCC_WARN_ABOUT_RETURN_TYPE = YES_ERROR;
				GCC_WARN_UNDECLARED_SELECTOR = YES;
				GCC_WARN_UNINITIALIZED_AUTOS = YES_AGGRESSIVE;
				GCC_WARN_UNUSED_FUNCTION = YES;
				GCC_WARN_UNUSED_VARIABLE = YES;
				IPHONEOS_DEPLOYMENT_TARGET = 15.0;
				MTL_ENABLE_DEBUG_INFO = INCLUDE_SOURCE;
				MTL_FAST_MATH = YES;
				ONLY_ACTIVE_ARCH = YES;
				SDKROOT = iphoneos;
				SWIFT_ACTIVE_COMPILATION_CONDITIONS = DEBUG;
				SWIFT_OPTIMIZATION_LEVEL = "-Onone";
			};
			name = Debug;
		};
		84C2108E27BC49AF0047C1AA /* Release */ = {
			isa = XCBuildConfiguration;
			buildSettings = {
				ALWAYS_SEARCH_USER_PATHS = NO;
				CLANG_ANALYZER_NONNULL = YES;
				CLANG_ANALYZER_NUMBER_OBJECT_CONVERSION = YES_AGGRESSIVE;
				CLANG_CXX_LANGUAGE_STANDARD = "gnu++17";
				CLANG_CXX_LIBRARY = "libc++";
				CLANG_ENABLE_MODULES = YES;
				CLANG_ENABLE_OBJC_ARC = YES;
				CLANG_ENABLE_OBJC_WEAK = YES;
				CLANG_WARN_BLOCK_CAPTURE_AUTORELEASING = YES;
				CLANG_WARN_BOOL_CONVERSION = YES;
				CLANG_WARN_COMMA = YES;
				CLANG_WARN_CONSTANT_CONVERSION = YES;
				CLANG_WARN_DEPRECATED_OBJC_IMPLEMENTATIONS = YES;
				CLANG_WARN_DIRECT_OBJC_ISA_USAGE = YES_ERROR;
				CLANG_WARN_DOCUMENTATION_COMMENTS = YES;
				CLANG_WARN_EMPTY_BODY = YES;
				CLANG_WARN_ENUM_CONVERSION = YES;
				CLANG_WARN_INFINITE_RECURSION = YES;
				CLANG_WARN_INT_CONVERSION = YES;
				CLANG_WARN_NON_LITERAL_NULL_CONVERSION = YES;
				CLANG_WARN_OBJC_IMPLICIT_RETAIN_SELF = YES;
				CLANG_WARN_OBJC_LITERAL_CONVERSION = YES;
				CLANG_WARN_OBJC_ROOT_CLASS = YES_ERROR;
				CLANG_WARN_QUOTED_INCLUDE_IN_FRAMEWORK_HEADER = YES;
				CLANG_WARN_RANGE_LOOP_ANALYSIS = YES;
				CLANG_WARN_STRICT_PROTOTYPES = YES;
				CLANG_WARN_SUSPICIOUS_MOVE = YES;
				CLANG_WARN_UNGUARDED_AVAILABILITY = YES_AGGRESSIVE;
				CLANG_WARN_UNREACHABLE_CODE = YES;
				CLANG_WARN__DUPLICATE_METHOD_MATCH = YES;
				COPY_PHASE_STRIP = NO;
				DEBUG_INFORMATION_FORMAT = "dwarf-with-dsym";
				ENABLE_NS_ASSERTIONS = NO;
				ENABLE_STRICT_OBJC_MSGSEND = YES;
				GCC_C_LANGUAGE_STANDARD = gnu11;
				GCC_NO_COMMON_BLOCKS = YES;
				GCC_WARN_64_TO_32_BIT_CONVERSION = YES;
				GCC_WARN_ABOUT_RETURN_TYPE = YES_ERROR;
				GCC_WARN_UNDECLARED_SELECTOR = YES;
				GCC_WARN_UNINITIALIZED_AUTOS = YES_AGGRESSIVE;
				GCC_WARN_UNUSED_FUNCTION = YES;
				GCC_WARN_UNUSED_VARIABLE = YES;
				IPHONEOS_DEPLOYMENT_TARGET = 15.0;
				MTL_ENABLE_DEBUG_INFO = NO;
				MTL_FAST_MATH = YES;
				SDKROOT = iphoneos;
				SWIFT_COMPILATION_MODE = wholemodule;
				SWIFT_OPTIMIZATION_LEVEL = "-O";
				VALIDATE_PRODUCT = YES;
			};
			name = Release;
		};
		84C2109027BC49AF0047C1AA /* Debug */ = {
			isa = XCBuildConfiguration;
			buildSettings = {
				ASSETCATALOG_COMPILER_APPICON_NAME = AppIcon;
				ASSETCATALOG_COMPILER_GLOBAL_ACCENT_COLOR_NAME = AccentColor;
				CODE_SIGN_STYLE = Automatic;
				CURRENT_PROJECT_VERSION = 1;
				GENERATE_INFOPLIST_FILE = YES;
				INFOPLIST_FILE = "Netflix Clone/Info.plist";
				INFOPLIST_KEY_UIApplicationSupportsIndirectInputEvents = YES;
				INFOPLIST_KEY_UILaunchStoryboardName = LaunchScreen;
				INFOPLIST_KEY_UISupportedInterfaceOrientations_iPad = "UIInterfaceOrientationPortrait UIInterfaceOrientationPortraitUpsideDown UIInterfaceOrientationLandscapeLeft UIInterfaceOrientationLandscapeRight";
				INFOPLIST_KEY_UISupportedInterfaceOrientations_iPhone = "UIInterfaceOrientationPortrait UIInterfaceOrientationLandscapeLeft UIInterfaceOrientationLandscapeRight";
				LD_RUNPATH_SEARCH_PATHS = (
					"$(inherited)",
					"@executable_path/Frameworks",
				);
				MARKETING_VERSION = 1.0;
				PRODUCT_BUNDLE_IDENTIFIER = "com.yilmaz.Netflix-Clone";
				PRODUCT_NAME = "$(TARGET_NAME)";
				SWIFT_EMIT_LOC_STRINGS = YES;
				SWIFT_VERSION = 5.0;
				TARGETED_DEVICE_FAMILY = "1,2";
			};
			name = Debug;
		};
		84C2109127BC49AF0047C1AA /* Release */ = {
			isa = XCBuildConfiguration;
			buildSettings = {
				ASSETCATALOG_COMPILER_APPICON_NAME = AppIcon;
				ASSETCATALOG_COMPILER_GLOBAL_ACCENT_COLOR_NAME = AccentColor;
				CODE_SIGN_STYLE = Automatic;
				CURRENT_PROJECT_VERSION = 1;
				GENERATE_INFOPLIST_FILE = YES;
				INFOPLIST_FILE = "Netflix Clone/Info.plist";
				INFOPLIST_KEY_UIApplicationSupportsIndirectInputEvents = YES;
				INFOPLIST_KEY_UILaunchStoryboardName = LaunchScreen;
				INFOPLIST_KEY_UISupportedInterfaceOrientations_iPad = "UIInterfaceOrientationPortrait UIInterfaceOrientationPortraitUpsideDown UIInterfaceOrientationLandscapeLeft UIInterfaceOrientationLandscapeRight";
				INFOPLIST_KEY_UISupportedInterfaceOrientations_iPhone = "UIInterfaceOrientationPortrait UIInterfaceOrientationLandscapeLeft UIInterfaceOrientationLandscapeRight";
				LD_RUNPATH_SEARCH_PATHS = (
					"$(inherited)",
					"@executable_path/Frameworks",
				);
				MARKETING_VERSION = 1.0;
				PRODUCT_BUNDLE_IDENTIFIER = "com.yilmaz.Netflix-Clone";
				PRODUCT_NAME = "$(TARGET_NAME)";
				SWIFT_EMIT_LOC_STRINGS = YES;
				SWIFT_VERSION = 5.0;
				TARGETED_DEVICE_FAMILY = "1,2";
			};
			name = Release;
		};
/* End XCBuildConfiguration section */

/* Begin XCConfigurationList section */
		84C2107627BC49AD0047C1AA /* Build configuration list for PBXProject "Netflix Clone" */ = {
			isa = XCConfigurationList;
			buildConfigurations = (
				84C2108D27BC49AF0047C1AA /* Debug */,
				84C2108E27BC49AF0047C1AA /* Release */,
			);
			defaultConfigurationIsVisible = 0;
			defaultConfigurationName = Release;
		};
		84C2108F27BC49AF0047C1AA /* Build configuration list for PBXNativeTarget "Netflix Clone" */ = {
			isa = XCConfigurationList;
			buildConfigurations = (
				84C2109027BC49AF0047C1AA /* Debug */,
				84C2109127BC49AF0047C1AA /* Release */,
			);
			defaultConfigurationIsVisible = 0;
			defaultConfigurationName = Release;
		};
/* End XCConfigurationList section */

/* Begin XCRemoteSwiftPackageReference section */
		84324FC427C2575300ACBC52 /* XCRemoteSwiftPackageReference "SDWebImage" */ = {
			isa = XCRemoteSwiftPackageReference;
			repositoryURL = "https://github.com/SDWebImage/SDWebImage.git";
			requirement = {
				kind = upToNextMajorVersion;
				minimumVersion = 5.0.0;
			};
		};
/* End XCRemoteSwiftPackageReference section */

/* Begin XCSwiftPackageProductDependency section */
		84324FC527C2575300ACBC52 /* SDWebImage */ = {
			isa = XCSwiftPackageProductDependency;
			package = 84324FC427C2575300ACBC52 /* XCRemoteSwiftPackageReference "SDWebImage" */;
			productName = SDWebImage;
		};
		84324FC727C2575300ACBC52 /* SDWebImageMapKit */ = {
			isa = XCSwiftPackageProductDependency;
			package = 84324FC427C2575300ACBC52 /* XCRemoteSwiftPackageReference "SDWebImage" */;
			productName = SDWebImageMapKit;
		};
/* End XCSwiftPackageProductDependency section */
	};
	rootObject = 84C2107327BC49AD0047C1AA /* Project object */;
}
